
Microsoft Visual Studio Solution File, Format Version 12.00
# Visual Studio Version 17
VisualStudioVersion = 17.6.33829.357
MinimumVisualStudioVersion = 10.0.40219.1
Project("{FAE04EC0-301F-11D3-BF4B-00C04F79EFBC}") = "VehicleInsurance", "VehicleInsurance.csproj", "{C20FCB71-4664-43BF-B206-9E347E77C28B}"
EndProject
Global
	GlobalSection(SolutionConfigurationPlatforms) = preSolution
		Debug|Any CPU = Debug|Any CPU
		Release|Any CPU = Release|Any CPU
	EndGlobalSection
	GlobalSection(ProjectConfigurationPlatforms) = postSolution
		{C20FCB71-4664-43BF-B206-9E347E77C28B}.Debug|Any CPU.ActiveCfg = Debug|Any CPU
		{C20FCB71-4664-43BF-B206-9E347E77C28B}.Debug|Any CPU.Build.0 = Debug|Any CPU
		{C20FCB71-4664-43BF-B206-9E347E77C28B}.Release|Any CPU.ActiveCfg = Release|Any CPU
		{C20FCB71-4664-43BF-B206-9E347E77C28B}.Release|Any CPU.Build.0 = Release|Any CPU
	EndGlobalSection
	GlobalSection(SolutionProperties) = preSolution
		HideSolutionNode = FALSE
	EndGlobalSection
	GlobalSection(ExtensibilityGlobals) = postSolution
		SolutionGuid = {908B3890-4789-4783-91DC-FEB222007116}
	EndGlobalSection
EndGlobal
